// !$*UTF8*$!
{
	archiveVersion = 1;
	classes = {
	};
	objectVersion = 56;
	objects = {

/* Begin PBXBuildFile section */
		6B6A9D80430347BFB9EA4A7A /* DJI_Clip_Cleaner_ProApp.swift in Sources */ = {isa = PBXBuildFile; fileRef = 77E643DCF45C43B0A12423FF /* DJI_Clip_Cleaner_ProApp.swift */; };
		33552DA2FD8E489C9FD25B59 /* MainTabView.swift in Sources */ = {isa = PBXBuildFile; fileRef = FF327D722AD441CA8CDA3494 /* MainTabView.swift */; };
		8D1A8681121D4393B1EE179F /* CleanerView.swift in Sources */ = {isa = PBXBuildFile; fileRef = 1531E9034A4C4D9985C300E3 /* CleanerView.swift */; };
		FADFCBA1817943F29BF5039B /* AnalysisView.swift in Sources */ = {isa = PBXBuildFile; fileRef = 3F49E8F89F544CD4B7AC8BFD /* AnalysisView.swift */; };
		B99AE8A07F934C718FEB181F /* VideoFile.swift in Sources */ = {isa = PBXBuildFile; fileRef = 4D23B1F7378741B2A1C219E8 /* VideoFile.swift */; };
		C459E9932B324C2197331442 /* CleaningPreset.swift in Sources */ = {isa = PBXBuildFile; fileRef = 528AD59BEF9D4A2594FB47E6 /* CleaningPreset.swift */; };
		CC8B5CE45721444C9022AB69 /* AnalysisResult.swift in Sources */ = {isa = PBXBuildFile; fileRef = 36A947A874724426809D6CBA /* AnalysisResult.swift */; };
		40301F6EDFB143EB99B7E04A /* CleanerViewModel.swift in Sources */ = {isa = PBXBuildFile; fileRef = 3927D2515C8F40CF8DB7C8C2 /* CleanerViewModel.swift */; };
		75782AEF596B461E965BBEE3 /* AnalysisViewModel.swift in Sources */ = {isa = PBXBuildFile; fileRef = B3A7B92768624CABBAAB3134 /* AnalysisViewModel.swift */; };
		47D02612BD2E459CA8463768 /* FolderScanner.swift in Sources */ = {isa = PBXBuildFile; fileRef = 3F46D3E42C4F4B66BCF23505 /* FolderScanner.swift */; };
		BFB2BA5DDFAE40D28C3C127B /* VideoMetadataService.swift in Sources */ = {isa = PBXBuildFile; fileRef = 8286717E6BB84E76A34CB688 /* VideoMetadataService.swift */; };
		A1B2C3D4E5F6478990ABCDEF /* SpeechAnalyzer.swift in Sources */ = {isa = PBXBuildFile; fileRef = B1C2D3E4F5A6478990ABCDEF /* SpeechAnalyzer.swift */; };
		C1D2E3F4A5B6478990ABCDEF /* MotionAnalyzer.swift in Sources */ = {isa = PBXBuildFile; fileRef = D1E2F3A4B5C6478990ABCDEF /* MotionAnalyzer.swift */; };
		E1F2A3B4C5D6478990ABCDEF /* RecommendationEngine.swift in Sources */ = {isa = PBXBuildFile; fileRef = F1A2B3C4D5E6478990ABCDEF /* RecommendationEngine.swift */; };
		5E6F7A8B9C0D4922ABCDEF02 /* AnalysisReportExporter.swift in Sources */ = {isa = PBXBuildFile; fileRef = 6F7A8B9C0D1E4933ABCDEF02 /* AnalysisReportExporter.swift */; };
		A2B3C4D5E6F7488990ABCD001 /* ProductionPassService.swift in Sources */ = {isa = PBXBuildFile; fileRef = B2C3D4E5F6A7488990ABCD001 /* ProductionPassService.swift */; };
		D0E1F2A3B4C6488990ABCD003 /* StabilizationService.swift in Sources */ = {isa = PBXBuildFile; fileRef = E1F2A3B4C5D7488990ABCD003 /* StabilizationService.swift */; };
		1A2B3C4D5E6F4788990ABCDEF /* AnalysisSettings.swift in Sources */ = {isa = PBXBuildFile; fileRef = 2B3C4D5E6F7A48990ABCDEF /* AnalysisSettings.swift */; };
		3C4D5E6F7A8B4900ABCDEF01 /* SettingsView.swift in Sources */ = {isa = PBXBuildFile; fileRef = 4D5E6F7A8B9C4911ABCDEF01 /* SettingsView.swift */; };
		C224B6DD985949F1A589DBF9 /* DateFormatter+LogTimestamp.swift in Sources */ = {isa = PBXBuildFile; fileRef = 7A15D0E9DCC44C5885E97639 /* DateFormatter+LogTimestamp.swift */; };
		C3D4E5F6A7B8488990ABCD002 /* AppIdentity.swift in Sources */ = {isa = PBXBuildFile; fileRef = D4E5F6A7B8C9488990ABCD002 /* AppIdentity.swift */; };
		E5F6A7B8C9D0488990ABCD002 /* AppTheme.swift in Sources */ = {isa = PBXBuildFile; fileRef = F6A7B8C9D0E1488990ABCD002 /* AppTheme.swift */; };
		A7B8C9D0E1F2488990ABCD002 /* AppManual.swift in Sources */ = {isa = PBXBuildFile; fileRef = B8C9D0E1F2A3488990ABCD002 /* AppManual.swift */; };
		C9D0E1F2A3B4488990ABCD002 /* ManualView.swift in Sources */ = {isa = PBXBuildFile; fileRef = D0E1F2A3B4C5488990ABCD002 /* ManualView.swift */; };
		F1A2B3C4D5E6488990ABCD004 /* BrandSettings.swift in Sources */ = {isa = PBXBuildFile; fileRef = A2B3C4D5E6F6488990ABCD004 /* BrandSettings.swift */; };
		B3C4D5E6F7A6488990ABCD004 /* TitleSuggestionService.swift in Sources */ = {isa = PBXBuildFile; fileRef = C4D5E6F7A8B6488990ABCD004 /* TitleSuggestionService.swift */; };
		D5E6F7A8B9C6488990ABCD004 /* ThumbnailService.swift in Sources */ = {isa = PBXBuildFile; fileRef = E6F7A8B9C0D6488990ABCD004 /* ThumbnailService.swift */; };
		F7A8B9C0D1E6488990ABCD005 /* BrandPreset.swift in Sources */ = {isa = PBXBuildFile; fileRef = A8B9C0D1E2F6488990ABCD005 /* BrandPreset.swift */; };
		B9C0D1E2F3A6488990ABCD005 /* BrandThumbnailPreview.swift in Sources */ = {isa = PBXBuildFile; fileRef = C0D1E2F3A4B6488990ABCD005 /* BrandThumbnailPreview.swift */; };
		D1E2F3A4B5C6488990ABCD006 /* YouTubePrepView.swift in Sources */ = {isa = PBXBuildFile; fileRef = E2F3A4B5C6D6488990ABCD006 /* YouTubePrepView.swift */; };
		F3A4B5C6D7E6488990ABCD006 /* YouTubePrepViewModel.swift in Sources */ = {isa = PBXBuildFile; fileRef = A4B5C6D7E8F6488990ABCD006 /* YouTubePrepViewModel.swift */; };
		B5C6D7E8F9A6488990ABCD006 /* YouTubeMetadataService.swift in Sources */ = {isa = PBXBuildFile; fileRef = C6D7E8F9A0B6488990ABCD006 /* YouTubeMetadataService.swift */; };
		D7E8F9A0B1C7488990ABCD007 /* ShortsFinderService.swift in Sources */ = {isa = PBXBuildFile; fileRef = E8F9A0B1C2D7488990ABCD007 /* ShortsFinderService.swift */; };
		F9A0B1C2D3E7488990ABCD007 /* ShortsExportService.swift in Sources */ = {isa = PBXBuildFile; fileRef = A0B1C2D3E4F7488990ABCD007 /* ShortsExportService.swift */; };
		B1C2D3E4F5A7488990ABCD007 /* ShortsMetadataService.swift in Sources */ = {isa = PBXBuildFile; fileRef = C2D3E4F5A6B7488990ABCD007 /* ShortsMetadataService.swift */; };
		D3E4F5A6B7C7488990ABCD007 /* ShortsViewModel.swift in Sources */ = {isa = PBXBuildFile; fileRef = E4F5A6B7C8D7488990ABCD007 /* ShortsViewModel.swift */; };
		F5A6B7C8D9E7488990ABCD007 /* ShortsView.swift in Sources */ = {isa = PBXBuildFile; fileRef = A6B7C8D9E0F7488990ABCD007 /* ShortsView.swift */; };
		B8C9D0E1F2A7488990ABCD008 /* TranscriptionService.swift in Sources */ = {isa = PBXBuildFile; fileRef = C9D0E1F2A3B7488990ABCD008 /* TranscriptionService.swift */; };
		A1B2C3D4E5F6488990ABCD009 /* ThumbnailIntelligenceService.swift in Sources */ = {isa = PBXBuildFile; fileRef = B2C3D4E5F6A6488990ABCD009 /* ThumbnailIntelligenceService.swift */; };
		C3D4E5F6A7B6488990ABCD009 /* TitleVariantService.swift in Sources */ = {isa = PBXBuildFile; fileRef = D4E5F6A7B8C6488990ABCD009 /* TitleVariantService.swift */; };
		E5F6A7B8C9D6488990ABCD010 /* TranscriptKeywordService.swift in Sources */ = {isa = PBXBuildFile; fileRef = F6A7B8C9D0E6488990ABCD010 /* TranscriptKeywordService.swift */; };
		C1D2E3F4A5B6488990ABCD012 /* StoryBriefService.swift in Sources */ = {isa = PBXBuildFile; fileRef = D2E3F4A5B6C6488990ABCD012 /* StoryBriefService.swift */; };
		A7B8C9D0E1F6488990ABCD011 /* ThumbnailEmoji.swift in Sources */ = {isa = PBXBuildFile; fileRef = B8C9D0E1F2A6488990ABCD011 /* ThumbnailEmoji.swift */; };
		76371AAF57FB412DAB274AF0 /* Assets.xcassets in Resources */ = {isa = PBXBuildFile; fileRef = 8AE23DC4F179498E9C87B3CF /* Assets.xcassets */; };
/* End PBXBuildFile section */

/* Begin PBXFileReference section */
		77E643DCF45C43B0A12423FF /* DJI_Clip_Cleaner_ProApp.swift */ = {isa = PBXFileReference; lastKnownFileType = sourcecode.swift; path = DJI_Clip_Cleaner_ProApp.swift; sourceTree = "<group>"; };
		FF327D722AD441CA8CDA3494 /* MainTabView.swift */ = {isa = PBXFileReference; lastKnownFileType = sourcecode.swift; path = MainTabView.swift; sourceTree = "<group>"; };
		1531E9034A4C4D9985C300E3 /* CleanerView.swift */ = {isa = PBXFileReference; lastKnownFileType = sourcecode.swift; path = CleanerView.swift; sourceTree = "<group>"; };
		3F49E8F89F544CD4B7AC8BFD /* AnalysisView.swift */ = {isa = PBXFileReference; lastKnownFileType = sourcecode.swift; path = AnalysisView.swift; sourceTree = "<group>"; };
		4D23B1F7378741B2A1C219E8 /* VideoFile.swift */ = {isa = PBXFileReference; lastKnownFileType = sourcecode.swift; path = VideoFile.swift; sourceTree = "<group>"; };
		528AD59BEF9D4A2594FB47E6 /* CleaningPreset.swift */ = {isa = PBXFileReference; lastKnownFileType = sourcecode.swift; path = CleaningPreset.swift; sourceTree = "<group>"; };
		36A947A874724426809D6CBA /* AnalysisResult.swift */ = {isa = PBXFileReference; lastKnownFileType = sourcecode.swift; path = AnalysisResult.swift; sourceTree = "<group>"; };
		3927D2515C8F40CF8DB7C8C2 /* CleanerViewModel.swift */ = {isa = PBXFileReference; lastKnownFileType = sourcecode.swift; path = CleanerViewModel.swift; sourceTree = "<group>"; };
		B3A7B92768624CABBAAB3134 /* AnalysisViewModel.swift */ = {isa = PBXFileReference; lastKnownFileType = sourcecode.swift; path = AnalysisViewModel.swift; sourceTree = "<group>"; };
		3F46D3E42C4F4B66BCF23505 /* FolderScanner.swift */ = {isa = PBXFileReference; lastKnownFileType = sourcecode.swift; path = FolderScanner.swift; sourceTree = "<group>"; };
		8286717E6BB84E76A34CB688 /* VideoMetadataService.swift */ = {isa = PBXFileReference; lastKnownFileType = sourcecode.swift; path = VideoMetadataService.swift; sourceTree = "<group>"; };
		B1C2D3E4F5A6478990ABCDEF /* SpeechAnalyzer.swift */ = {isa = PBXFileReference; lastKnownFileType = sourcecode.swift; path = SpeechAnalyzer.swift; sourceTree = "<group>"; };
		D1E2F3A4B5C6478990ABCDEF /* MotionAnalyzer.swift */ = {isa = PBXFileReference; lastKnownFileType = sourcecode.swift; path = MotionAnalyzer.swift; sourceTree = "<group>"; };
		F1A2B3C4D5E6478990ABCDEF /* RecommendationEngine.swift */ = {isa = PBXFileReference; lastKnownFileType = sourcecode.swift; path = RecommendationEngine.swift; sourceTree = "<group>"; };
		6F7A8B9C0D1E4933ABCDEF02 /* AnalysisReportExporter.swift */ = {isa = PBXFileReference; lastKnownFileType = sourcecode.swift; path = AnalysisReportExporter.swift; sourceTree = "<group>"; };
		B2C3D4E5F6A7488990ABCD001 /* ProductionPassService.swift */ = {isa = PBXFileReference; lastKnownFileType = sourcecode.swift; path = ProductionPassService.swift; sourceTree = "<group>"; };
		E1F2A3B4C5D7488990ABCD003 /* StabilizationService.swift */ = {isa = PBXFileReference; lastKnownFileType = sourcecode.swift; path = StabilizationService.swift; sourceTree = "<group>"; };
		2B3C4D5E6F7A48990ABCDEF /* AnalysisSettings.swift */ = {isa = PBXFileReference; lastKnownFileType = sourcecode.swift; path = AnalysisSettings.swift; sourceTree = "<group>"; };
		4D5E6F7A8B9C4911ABCDEF01 /* SettingsView.swift */ = {isa = PBXFileReference; lastKnownFileType = sourcecode.swift; path = SettingsView.swift; sourceTree = "<group>"; };
		7A15D0E9DCC44C5885E97639 /* DateFormatter+LogTimestamp.swift */ = {isa = PBXFileReference; lastKnownFileType = sourcecode.swift; path = "DateFormatter+LogTimestamp.swift"; sourceTree = "<group>"; };
		D4E5F6A7B8C9488990ABCD002 /* AppIdentity.swift */ = {isa = PBXFileReference; lastKnownFileType = sourcecode.swift; path = AppIdentity.swift; sourceTree = "<group>"; };
		F6A7B8C9D0E1488990ABCD002 /* AppTheme.swift */ = {isa = PBXFileReference; lastKnownFileType = sourcecode.swift; path = AppTheme.swift; sourceTree = "<group>"; };
		B8C9D0E1F2A3488990ABCD002 /* AppManual.swift */ = {isa = PBXFileReference; lastKnownFileType = sourcecode.swift; path = AppManual.swift; sourceTree = "<group>"; };
		D0E1F2A3B4C5488990ABCD002 /* ManualView.swift */ = {isa = PBXFileReference; lastKnownFileType = sourcecode.swift; path = ManualView.swift; sourceTree = "<group>"; };
		A2B3C4D5E6F6488990ABCD004 /* BrandSettings.swift */ = {isa = PBXFileReference; lastKnownFileType = sourcecode.swift; path = BrandSettings.swift; sourceTree = "<group>"; };
		C4D5E6F7A8B6488990ABCD004 /* TitleSuggestionService.swift */ = {isa = PBXFileReference; lastKnownFileType = sourcecode.swift; path = TitleSuggestionService.swift; sourceTree = "<group>"; };
		E6F7A8B9C0D6488990ABCD004 /* ThumbnailService.swift */ = {isa = PBXFileReference; lastKnownFileType = sourcecode.swift; path = ThumbnailService.swift; sourceTree = "<group>"; };
		A8B9C0D1E2F6488990ABCD005 /* BrandPreset.swift */ = {isa = PBXFileReference; lastKnownFileType = sourcecode.swift; path = BrandPreset.swift; sourceTree = "<group>"; };
		C0D1E2F3A4B6488990ABCD005 /* BrandThumbnailPreview.swift */ = {isa = PBXFileReference; lastKnownFileType = sourcecode.swift; path = BrandThumbnailPreview.swift; sourceTree = "<group>"; };
		E2F3A4B5C6D6488990ABCD006 /* YouTubePrepView.swift */ = {isa = PBXFileReference; lastKnownFileType = sourcecode.swift; path = YouTubePrepView.swift; sourceTree = "<group>"; };
		A4B5C6D7E8F6488990ABCD006 /* YouTubePrepViewModel.swift */ = {isa = PBXFileReference; lastKnownFileType = sourcecode.swift; path = YouTubePrepViewModel.swift; sourceTree = "<group>"; };
		C6D7E8F9A0B6488990ABCD006 /* YouTubeMetadataService.swift */ = {isa = PBXFileReference; lastKnownFileType = sourcecode.swift; path = YouTubeMetadataService.swift; sourceTree = "<group>"; };
		E8F9A0B1C2D7488990ABCD007 /* ShortsFinderService.swift */ = {isa = PBXFileReference; lastKnownFileType = sourcecode.swift; path = ShortsFinderService.swift; sourceTree = "<group>"; };
		A0B1C2D3E4F7488990ABCD007 /* ShortsExportService.swift */ = {isa = PBXFileReference; lastKnownFileType = sourcecode.swift; path = ShortsExportService.swift; sourceTree = "<group>"; };
		C2D3E4F5A6B7488990ABCD007 /* ShortsMetadataService.swift */ = {isa = PBXFileReference; lastKnownFileType = sourcecode.swift; path = ShortsMetadataService.swift; sourceTree = "<group>"; };
		E4F5A6B7C8D7488990ABCD007 /* ShortsViewModel.swift */ = {isa = PBXFileReference; lastKnownFileType = sourcecode.swift; path = ShortsViewModel.swift; sourceTree = "<group>"; };
		A6B7C8D9E0F7488990ABCD007 /* ShortsView.swift */ = {isa = PBXFileReference; lastKnownFileType = sourcecode.swift; path = ShortsView.swift; sourceTree = "<group>"; };
		C9D0E1F2A3B7488990ABCD008 /* TranscriptionService.swift */ = {isa = PBXFileReference; lastKnownFileType = sourcecode.swift; path = TranscriptionService.swift; sourceTree = "<group>"; };
		B2C3D4E5F6A6488990ABCD009 /* ThumbnailIntelligenceService.swift */ = {isa = PBXFileReference; lastKnownFileType = sourcecode.swift; path = ThumbnailIntelligenceService.swift; sourceTree = "<group>"; };
		D4E5F6A7B8C6488990ABCD009 /* TitleVariantService.swift */ = {isa = PBXFileReference; lastKnownFileType = sourcecode.swift; path = TitleVariantService.swift; sourceTree = "<group>"; };
		F6A7B8C9D0E6488990ABCD010 /* TranscriptKeywordService.swift */ = {isa = PBXFileReference; lastKnownFileType = sourcecode.swift; path = TranscriptKeywordService.swift; sourceTree = "<group>"; };
		D2E3F4A5B6C6488990ABCD012 /* StoryBriefService.swift */ = {isa = PBXFileReference; lastKnownFileType = sourcecode.swift; path = StoryBriefService.swift; sourceTree = "<group>"; };
		B8C9D0E1F2A6488990ABCD011 /* ThumbnailEmoji.swift */ = {isa = PBXFileReference; lastKnownFileType = sourcecode.swift; path = ThumbnailEmoji.swift; sourceTree = "<group>"; };
		8AE23DC4F179498E9C87B3CF /* Assets.xcassets */ = {isa = PBXFileReference; lastKnownFileType = folder.assetcatalog; path = Assets.xcassets; sourceTree = "<group>"; };
		5CF9B53D2BA04BE1AB4A6069 /* Hughes Clip Prep.app */ = {isa = PBXFileReference; explicitFileType = wrapper.application; includeInIndex = 0; path = "Hughes Clip Prep.app"; sourceTree = BUILT_PRODUCTS_DIR; };
/* End PBXFileReference section */

/* Begin PBXFrameworksBuildPhase section */
		681E0E6F98A94061B60C1E22 /* Frameworks */ = {
			isa = PBXFrameworksBuildPhase;
			buildActionMask = 2147483647;
			files = (
			);
			runOnlyForDeploymentPostprocessing = 0;
		};
/* End PBXFrameworksBuildPhase section */

/* Begin PBXGroup section */
		B76254490ACF4282A5C97D79 = {
			isa = PBXGroup;
			children = (
				966FC19238B34407B5D48D60 /* DJI_Clip_Cleaner_Pro */,
				28A178133289418495268EDD /* Products */,
			);
			sourceTree = "<group>";
		};
		966FC19238B34407B5D48D60 /* DJI_Clip_Cleaner_Pro */ = {
			isa = PBXGroup;
			children = (
				77E643DCF45C43B0A12423FF /* DJI_Clip_Cleaner_ProApp.swift */,
				D610348BB884437BA5976EDA /* Views */,
				A8D460ACD6D8458C8D84CFFD /* Models */,
				50988DA2D11F433B90DACFE5 /* ViewModels */,
				E896A9399C0C4EFB9B613F66 /* Services */,
				9DF9B75C9848460AA98D7DD8 /* Utilities */,
				8AE23DC4F179498E9C87B3CF /* Assets.xcassets */,
			);
			path = DJI_Clip_Cleaner_Pro;
			sourceTree = "<group>";
		};
		28A178133289418495268EDD /* Products */ = {
			isa = PBXGroup;
			children = (
				5CF9B53D2BA04BE1AB4A6069 /* Hughes Clip Prep.app */,
			);
			name = Products;
			sourceTree = "<group>";
		};
		D610348BB884437BA5976EDA /* Views */ = {
			isa = PBXGroup;
			children = (
				FF327D722AD441CA8CDA3494 /* MainTabView.swift */,
				A5A0637BBF2445A483EB7062 /* Cleaner */,
				F806D89CAD0C4C4BB78CFCAB /* Analysis */,
				B1C2D3E4F5A6478990ABCDEE /* Settings */,
				D7E8F9A0B1C6488990ABCD006 /* YouTubePrep */,
				B7C8D9E0F1A7488990ABCD007 /* Shorts */,
				E1F2A3B4C5D6488990ABCD002 /* Manual */,
			);
			path = Views;
			sourceTree = "<group>";
		};
		A8D460ACD6D8458C8D84CFFD /* Models */ = {
			isa = PBXGroup;
			children = (
				4D23B1F7378741B2A1C219E8 /* VideoFile.swift */,
				528AD59BEF9D4A2594FB47E6 /* CleaningPreset.swift */,
				36A947A874724426809D6CBA /* AnalysisResult.swift */,
				2B3C4D5E6F7A48990ABCDEF /* AnalysisSettings.swift */,
				B8C9D0E1F2A3488990ABCD002 /* AppManual.swift */,
				A2B3C4D5E6F6488990ABCD004 /* BrandSettings.swift */,
				A8B9C0D1E2F6488990ABCD005 /* BrandPreset.swift */,
				B8C9D0E1F2A6488990ABCD011 /* ThumbnailEmoji.swift */,
			);
			path = Models;
			sourceTree = "<group>";
		};
		50988DA2D11F433B90DACFE5 /* ViewModels */ = {
			isa = PBXGroup;
			children = (
				3927D2515C8F40CF8DB7C8C2 /* CleanerViewModel.swift */,
				B3A7B92768624CABBAAB3134 /* AnalysisViewModel.swift */,
				A4B5C6D7E8F6488990ABCD006 /* YouTubePrepViewModel.swift */,
				E4F5A6B7C8D7488990ABCD007 /* ShortsViewModel.swift */,
			);
			path = ViewModels;
			sourceTree = "<group>";
		};
		E896A9399C0C4EFB9B613F66 /* Services */ = {
			isa = PBXGroup;
			children = (
				3F46D3E42C4F4B66BCF23505 /* FolderScanner.swift */,
				8286717E6BB84E76A34CB688 /* VideoMetadataService.swift */,
				B1C2D3E4F5A6478990ABCDEF /* SpeechAnalyzer.swift */,
				D1E2F3A4B5C6478990ABCDEF /* MotionAnalyzer.swift */,
				F1A2B3C4D5E6478990ABCDEF /* RecommendationEngine.swift */,
				6F7A8B9C0D1E4933ABCDEF02 /* AnalysisReportExporter.swift */,
				B2C3D4E5F6A7488990ABCD001 /* ProductionPassService.swift */,
				E1F2A3B4C5D7488990ABCD003 /* StabilizationService.swift */,
				C4D5E6F7A8B6488990ABCD004 /* TitleSuggestionService.swift */,
				E6F7A8B9C0D6488990ABCD004 /* ThumbnailService.swift */,
				B2C3D4E5F6A6488990ABCD009 /* ThumbnailIntelligenceService.swift */,
				D4E5F6A7B8C6488990ABCD009 /* TitleVariantService.swift */,
				C6D7E8F9A0B6488990ABCD006 /* YouTubeMetadataService.swift */,
				E8F9A0B1C2D7488990ABCD007 /* ShortsFinderService.swift */,
				A0B1C2D3E4F7488990ABCD007 /* ShortsExportService.swift */,
				C2D3E4F5A6B7488990ABCD007 /* ShortsMetadataService.swift */,
				C9D0E1F2A3B7488990ABCD008 /* TranscriptionService.swift */,
				F6A7B8C9D0E6488990ABCD010 /* TranscriptKeywordService.swift */,
				D2E3F4A5B6C6488990ABCD012 /* StoryBriefService.swift */,
			);
			path = Services;
			sourceTree = "<group>";
		};
		9DF9B75C9848460AA98D7DD8 /* Utilities */ = {
			isa = PBXGroup;
			children = (
				7A15D0E9DCC44C5885E97639 /* DateFormatter+LogTimestamp.swift */,
				D4E5F6A7B8C9488990ABCD002 /* AppIdentity.swift */,
				F6A7B8C9D0E1488990ABCD002 /* AppTheme.swift */,
			);
			path = Utilities;
			sourceTree = "<group>";
		};
		A5A0637BBF2445A483EB7062 /* Cleaner */ = {
			isa = PBXGroup;
			children = (
				1531E9034A4C4D9985C300E3 /* CleanerView.swift */,
			);
			path = Cleaner;
			sourceTree = "<group>";
		};
		F806D89CAD0C4C4BB78CFCAB /* Analysis */ = {
			isa = PBXGroup;
			children = (
				3F49E8F89F544CD4B7AC8BFD /* AnalysisView.swift */,
			);
			path = Analysis;
			sourceTree = "<group>";
		};
		E1F2A3B4C5D6488990ABCD002 /* Manual */ = {
			isa = PBXGroup;
			children = (
				D0E1F2A3B4C5488990ABCD002 /* ManualView.swift */,
			);
			path = Manual;
			sourceTree = "<group>";
		};
		B1C2D3E4F5A6478990ABCDEE /* Settings */ = {
			isa = PBXGroup;
			children = (
				4D5E6F7A8B9C4911ABCDEF01 /* SettingsView.swift */,
				C0D1E2F3A4B6488990ABCD005 /* BrandThumbnailPreview.swift */,
			);
			path = Settings;
			sourceTree = "<group>";
		};
		D7E8F9A0B1C6488990ABCD006 /* YouTubePrep */ = {
			isa = PBXGroup;
			children = (
				E2F3A4B5C6D6488990ABCD006 /* YouTubePrepView.swift */,
			);
			path = YouTubePrep;
			sourceTree = "<group>";
		};
		B7C8D9E0F1A7488990ABCD007 /* Shorts */ = {
			isa = PBXGroup;
			children = (
				A6B7C8D9E0F7488990ABCD007 /* ShortsView.swift */,
			);
			path = Shorts;
			sourceTree = "<group>";
		};
/* End PBXGroup section */

/* Begin PBXNativeTarget section */
		3CABC5AFCDD6435DA10334DD /* Hughes Clip Prep */ = {
			isa = PBXNativeTarget;
			buildConfigurationList = 2B0213A03F4A478ABEAE2F89 /* Build configuration list for PBXNativeTarget "Hughes Clip Prep" */;
			buildPhases = (
				140F9525FEE548EFA997346C /* Sources */,
				681E0E6F98A94061B60C1E22 /* Frameworks */,
				973800C87FD54ECEA78548B1 /* Resources */,
			);
			buildRules = (
			);
			dependencies = (
			);
			name = "Hughes Clip Prep";
			productName = "Hughes Clip Prep";
			productReference = 5CF9B53D2BA04BE1AB4A6069 /* Hughes Clip Prep.app */;
			productType = "com.apple.product-type.application";
		};
/* End PBXNativeTarget section */

/* Begin PBXProject section */
		8D798C5EF34E44A8AA8AA80E /* Project object */ = {
			isa = PBXProject;
			attributes = {
				BuildIndependentTargetsInParallel = 1;
				LastSwiftUpdateCheck = 1600;
				LastUpgradeCheck = 1600;
				TargetAttributes = {
					3CABC5AFCDD6435DA10334DD = {
						CreatedOnToolsVersion = 16.0;
					};
				};
			};
			buildConfigurationList = CE8190E66814432587C725EA /* Build configuration list for PBXProject "Hughes Clip Prep" */;
			compatibilityVersion = "Xcode 14.0";
			developmentRegion = en;
			hasScannedForEncodings = 0;
			knownRegions = (
				en,
				Base,
			);
			mainGroup = B76254490ACF4282A5C97D79;
			productRefGroup = 28A178133289418495268EDD /* Products */;
			projectDirPath = "";
			projectRoot = "";
			targets = (
				3CABC5AFCDD6435DA10334DD /* Hughes Clip Prep */,
			);
		};
/* End PBXProject section */

/* Begin PBXResourcesBuildPhase section */
		973800C87FD54ECEA78548B1 /* Resources */ = {
			isa = PBXResourcesBuildPhase;
			buildActionMask = 2147483647;
			files = (
				76371AAF57FB412DAB274AF0 /* Assets.xcassets in Resources */,
			);
			runOnlyForDeploymentPostprocessing = 0;
		};
/* End PBXResourcesBuildPhase section */

/* Begin PBXSourcesBuildPhase section */
		140F9525FEE548EFA997346C /* Sources */ = {
			isa = PBXSourcesBuildPhase;
			buildActionMask = 2147483647;
			files = (
				6B6A9D80430347BFB9EA4A7A /* DJI_Clip_Cleaner_ProApp.swift in Sources */,
				33552DA2FD8E489C9FD25B59 /* MainTabView.swift in Sources */,
				8D1A8681121D4393B1EE179F /* CleanerView.swift in Sources */,
				FADFCBA1817943F29BF5039B /* AnalysisView.swift in Sources */,
				B99AE8A07F934C718FEB181F /* VideoFile.swift in Sources */,
				C459E9932B324C2197331442 /* CleaningPreset.swift in Sources */,
				CC8B5CE45721444C9022AB69 /* AnalysisResult.swift in Sources */,
				40301F6EDFB143EB99B7E04A /* CleanerViewModel.swift in Sources */,
				75782AEF596B461E965BBEE3 /* AnalysisViewModel.swift in Sources */,
				47D02612BD2E459CA8463768 /* FolderScanner.swift in Sources */,
				BFB2BA5DDFAE40D28C3C127B /* VideoMetadataService.swift in Sources */,
				A1B2C3D4E5F6478990ABCDEF /* SpeechAnalyzer.swift in Sources */,
				C1D2E3F4A5B6478990ABCDEF /* MotionAnalyzer.swift in Sources */,
				E1F2A3B4C5D6478990ABCDEF /* RecommendationEngine.swift in Sources */,
				5E6F7A8B9C0D4922ABCDEF02 /* AnalysisReportExporter.swift in Sources */,
				A2B3C4D5E6F7488990ABCD001 /* ProductionPassService.swift in Sources */,
				D0E1F2A3B4C6488990ABCD003 /* StabilizationService.swift in Sources */,
				1A2B3C4D5E6F4788990ABCDEF /* AnalysisSettings.swift in Sources */,
				3C4D5E6F7A8B4900ABCDEF01 /* SettingsView.swift in Sources */,
				C224B6DD985949F1A589DBF9 /* DateFormatter+LogTimestamp.swift in Sources */,
				C3D4E5F6A7B8488990ABCD002 /* AppIdentity.swift in Sources */,
				E5F6A7B8C9D0488990ABCD002 /* AppTheme.swift in Sources */,
				A7B8C9D0E1F2488990ABCD002 /* AppManual.swift in Sources */,
				C9D0E1F2A3B4488990ABCD002 /* ManualView.swift in Sources */,
				F1A2B3C4D5E6488990ABCD004 /* BrandSettings.swift in Sources */,
				B3C4D5E6F7A6488990ABCD004 /* TitleSuggestionService.swift in Sources */,
				D5E6F7A8B9C6488990ABCD004 /* ThumbnailService.swift in Sources */,
				F7A8B9C0D1E6488990ABCD005 /* BrandPreset.swift in Sources */,
				B9C0D1E2F3A6488990ABCD005 /* BrandThumbnailPreview.swift in Sources */,
				D1E2F3A4B5C6488990ABCD006 /* YouTubePrepView.swift in Sources */,
				F3A4B5C6D7E6488990ABCD006 /* YouTubePrepViewModel.swift in Sources */,
				B5C6D7E8F9A6488990ABCD006 /* YouTubeMetadataService.swift in Sources */,
				D7E8F9A0B1C7488990ABCD007 /* ShortsFinderService.swift in Sources */,
				F9A0B1C2D3E7488990ABCD007 /* ShortsExportService.swift in Sources */,
				B1C2D3E4F5A7488990ABCD007 /* ShortsMetadataService.swift in Sources */,
				D3E4F5A6B7C7488990ABCD007 /* ShortsViewModel.swift in Sources */,
				F5A6B7C8D9E7488990ABCD007 /* ShortsView.swift in Sources */,
				B8C9D0E1F2A7488990ABCD008 /* TranscriptionService.swift in Sources */,
				A1B2C3D4E5F6488990ABCD009 /* ThumbnailIntelligenceService.swift in Sources */,
				C3D4E5F6A7B6488990ABCD009 /* TitleVariantService.swift in Sources */,
				E5F6A7B8C9D6488990ABCD010 /* TranscriptKeywordService.swift in Sources */,
				C1D2E3F4A5B6488990ABCD012 /* StoryBriefService.swift in Sources */,
				A7B8C9D0E1F6488990ABCD011 /* ThumbnailEmoji.swift in Sources */,
			);
			runOnlyForDeploymentPostprocessing = 0;
		};
/* End PBXSourcesBuildPhase section */

/* Begin XCBuildConfiguration section */
		FFBF37B025A14D93AAF00519 /* Debug */ = {
			isa = XCBuildConfiguration;
			buildSettings = {
				ALWAYS_SEARCH_USER_PATHS = NO;
				CLANG_ENABLE_MODULES = YES;
				CLANG_ENABLE_OBJC_ARC = YES;
				COPY_PHASE_STRIP = NO;
				DEBUG_INFORMATION_FORMAT = dwarf;
				ENABLE_TESTABILITY = YES;
				GCC_DYNAMIC_NO_PIC = NO;
				GCC_OPTIMIZATION_LEVEL = 0;
				MACOSX_DEPLOYMENT_TARGET = 14.0;
				ONLY_ACTIVE_ARCH = YES;
				SDKROOT = macosx;
				SWIFT_ACTIVE_COMPILATION_CONDITIONS = "DEBUG $(inherited)";
				SWIFT_OPTIMIZATION_LEVEL = "-Onone";
			};
			name = Debug;
		};
		D1C53391845F46B088BBBEC2 /* Release */ = {
			isa = XCBuildConfiguration;
			buildSettings = {
				ALWAYS_SEARCH_USER_PATHS = NO;
				CLANG_ENABLE_MODULES = YES;
				CLANG_ENABLE_OBJC_ARC = YES;
				COPY_PHASE_STRIP = NO;
				DEBUG_INFORMATION_FORMAT = "dwarf-with-dsym";
				ENABLE_NS_ASSERTIONS = NO;
				MACOSX_DEPLOYMENT_TARGET = 14.0;
				SDKROOT = macosx;
				SWIFT_COMPILATION_MODE = wholemodule;
			};
			name = Release;
		};
		52EA7B5763FC43A38F9B745D /* Debug */ = {
			isa = XCBuildConfiguration;
			buildSettings = {
				ASSETCATALOG_COMPILER_APPICON_NAME = AppIcon;
				ASSETCATALOG_COMPILER_GLOBAL_ACCENT_COLOR_NAME = AccentColor;
				CODE_SIGN_IDENTITY = "-";
				CODE_SIGN_STYLE = Automatic;
				COMBINE_HIDPI_IMAGES = YES;
				CURRENT_PROJECT_VERSION = 7;
				DEVELOPMENT_TEAM = "";
				ENABLE_APP_SANDBOX = NO;
				ENABLE_HARDENED_RUNTIME = YES;
				ENABLE_PREVIEWS = YES;
				GENERATE_INFOPLIST_FILE = YES;
				INFOPLIST_KEY_CFBundleDisplayName = "Hughes Clip Prep";
				INFOPLIST_KEY_LSApplicationCategoryType = "public.app-category.video";
				INFOPLIST_KEY_NSHumanReadableCopyright = "";
				INFOPLIST_KEY_NSSpeechRecognitionUsageDescription = "Hughes Clip Prep transcribes your finished videos on your Mac so it can build chapters, tags, Shorts captions, and descriptions from what you said.";
				LD_RUNPATH_SEARCH_PATHS = (
					"$(inherited)",
					"@executable_path/../Frameworks",
				);
				MARKETING_VERSION = 1.36;
				PRODUCT_BUNDLE_IDENTIFIER = com.warrenhughes.DJIClipCleanerPro;
				PRODUCT_NAME = "$(TARGET_NAME)";
				SDKROOT = macosx;
				SUPPORTED_PLATFORMS = macosx;
				SWIFT_DEFAULT_ACTOR_ISOLATION = nonisolated;
				SWIFT_EMIT_LOC_STRINGS = YES;
				SWIFT_VERSION = 5.0;
			};
			name = Debug;
		};
		A1AD0CC26BAA43269DFA0FDC /* Release */ = {
			isa = XCBuildConfiguration;
			buildSettings = {
				ASSETCATALOG_COMPILER_APPICON_NAME = AppIcon;
				ASSETCATALOG_COMPILER_GLOBAL_ACCENT_COLOR_NAME = AccentColor;
				CODE_SIGN_IDENTITY = "-";
				CODE_SIGN_STYLE = Automatic;
				COMBINE_HIDPI_IMAGES = YES;
				CURRENT_PROJECT_VERSION = 7;
				DEVELOPMENT_TEAM = "";
				ENABLE_APP_SANDBOX = NO;
				ENABLE_HARDENED_RUNTIME = YES;
				ENABLE_PREVIEWS = YES;
				GENERATE_INFOPLIST_FILE = YES;
				INFOPLIST_KEY_CFBundleDisplayName = "Hughes Clip Prep";
				INFOPLIST_KEY_LSApplicationCategoryType = "public.app-category.video";
				INFOPLIST_KEY_NSHumanReadableCopyright = "";
				INFOPLIST_KEY_NSSpeechRecognitionUsageDescription = "Hughes Clip Prep transcribes your finished videos on your Mac so it can build chapters, tags, Shorts captions, and descriptions from what you said.";
				LD_RUNPATH_SEARCH_PATHS = (
					"$(inherited)",
					"@executable_path/../Frameworks",
				);
				MARKETING_VERSION = 1.36;
				PRODUCT_BUNDLE_IDENTIFIER = com.warrenhughes.DJIClipCleanerPro;
				PRODUCT_NAME = "$(TARGET_NAME)";
				SDKROOT = macosx;
				SUPPORTED_PLATFORMS = macosx;
				SWIFT_DEFAULT_ACTOR_ISOLATION = nonisolated;
				SWIFT_EMIT_LOC_STRINGS = YES;
				SWIFT_VERSION = 5.0;
			};
			name = Release;
		};
/* End XCBuildConfiguration section */

/* Begin XCConfigurationList section */
		CE8190E66814432587C725EA /* Build configuration list for PBXProject "Hughes Clip Prep" */ = {
			isa = XCConfigurationList;
			buildConfigurations = (
				FFBF37B025A14D93AAF00519 /* Debug */,
				D1C53391845F46B088BBBEC2 /* Release */,
			);
			defaultConfigurationIsVisible = 0;
			defaultConfigurationName = Release;
		};
		2B0213A03F4A478ABEAE2F89 /* Build configuration list for PBXNativeTarget "Hughes Clip Prep" */ = {
			isa = XCConfigurationList;
			buildConfigurations = (
				52EA7B5763FC43A38F9B745D /* Debug */,
				A1AD0CC26BAA43269DFA0FDC /* Release */,
			);
			defaultConfigurationIsVisible = 0;
			defaultConfigurationName = Release;
		};
/* End XCConfigurationList section */
	};
	rootObject = 8D798C5EF34E44A8AA8AA80E /* Project object */;
}
