// !$*UTF8*$!
{
	archiveVersion = 1;
	classes = {
	};
	objectVersion = 56;
	objects = {

/* Begin PBXBuildFile section */
		A10000000000000000000001 /* DJI_Clip_Cleaner_ProApp.swift in Sources */ = {isa = PBXBuildFile; fileRef = A20000000000000000000001 /* DJI_Clip_Cleaner_ProApp.swift */; };
		A10000000000000000000002 /* MainTabView.swift in Sources */ = {isa = PBXBuildFile; fileRef = A20000000000000000000002 /* MainTabView.swift */; };
		A10000000000000000000003 /* CleanerView.swift in Sources */ = {isa = PBXBuildFile; fileRef = A20000000000000000000003 /* CleanerView.swift */; };
		A10000000000000000000004 /* AnalysisView.swift in Sources */ = {isa = PBXBuildFile; fileRef = A20000000000000000000004 /* AnalysisView.swift */; };
		A10000000000000000000005 /* VideoFile.swift in Sources */ = {isa = PBXBuildFile; fileRef = A20000000000000000000005 /* VideoFile.swift */; };
		A10000000000000000000006 /* CleaningPreset.swift in Sources */ = {isa = PBXBuildFile; fileRef = A20000000000000000000006 /* CleaningPreset.swift */; };
		A10000000000000000000007 /* AnalysisResult.swift in Sources */ = {isa = PBXBuildFile; fileRef = A20000000000000000000007 /* AnalysisResult.swift */; };
		A10000000000000000000008 /* CleanerViewModel.swift in Sources */ = {isa = PBXBuildFile; fileRef = A20000000000000000000008 /* CleanerViewModel.swift */; };
		A10000000000000000000009 /* AnalysisViewModel.swift in Sources */ = {isa = PBXBuildFile; fileRef = A20000000000000000000009 /* AnalysisViewModel.swift */; };
		A1000000000000000000000A /* FolderScanner.swift in Sources */ = {isa = PBXBuildFile; fileRef = A2000000000000000000000A /* FolderScanner.swift */; };
		A1000000000000000000000B /* VideoMetadataService.swift in Sources */ = {isa = PBXBuildFile; fileRef = A2000000000000000000000B /* VideoMetadataService.swift */; };
		A1000000000000000000000C /* DateFormatter+LogTimestamp.swift in Sources */ = {isa = PBXBuildFile; fileRef = A2000000000000000000000C /* DateFormatter+LogTimestamp.swift */; };
		A1000000000000000000000D /* Assets.xcassets in Resources */ = {isa = PBXBuildFile; fileRef = A2000000000000000000000D /* Assets.xcassets */; };
/* End PBXBuildFile section */

/* Begin PBXFileReference section */
		A20000000000000000000001 /* DJI_Clip_Cleaner_ProApp.swift */ = {isa = PBXFileReference; lastKnownFileType = sourcecode.swift; path = DJI_Clip_Cleaner_ProApp.swift; sourceTree = "<group>"; };
		A20000000000000000000002 /* MainTabView.swift */ = {isa = PBXFileReference; lastKnownFileType = sourcecode.swift; path = MainTabView.swift; sourceTree = "<group>"; };
		A20000000000000000000003 /* CleanerView.swift */ = {isa = PBXFileReference; lastKnownFileType = sourcecode.swift; path = CleanerView.swift; sourceTree = "<group>"; };
		A20000000000000000000004 /* AnalysisView.swift */ = {isa = PBXFileReference; lastKnownFileType = sourcecode.swift; path = AnalysisView.swift; sourceTree = "<group>"; };
		A20000000000000000000005 /* VideoFile.swift */ = {isa = PBXFileReference; lastKnownFileType = sourcecode.swift; path = VideoFile.swift; sourceTree = "<group>"; };
		A20000000000000000000006 /* CleaningPreset.swift */ = {isa = PBXFileReference; lastKnownFileType = sourcecode.swift; path = CleaningPreset.swift; sourceTree = "<group>"; };
		A20000000000000000000007 /* AnalysisResult.swift */ = {isa = PBXFileReference; lastKnownFileType = sourcecode.swift; path = AnalysisResult.swift; sourceTree = "<group>"; };
		A20000000000000000000008 /* CleanerViewModel.swift */ = {isa = PBXFileReference; lastKnownFileType = sourcecode.swift; path = CleanerViewModel.swift; sourceTree = "<group>"; };
		A20000000000000000000009 /* AnalysisViewModel.swift */ = {isa = PBXFileReference; lastKnownFileType = sourcecode.swift; path = AnalysisViewModel.swift; sourceTree = "<group>"; };
		A2000000000000000000000A /* FolderScanner.swift */ = {isa = PBXFileReference; lastKnownFileType = sourcecode.swift; path = FolderScanner.swift; sourceTree = "<group>"; };
		A2000000000000000000000B /* VideoMetadataService.swift */ = {isa = PBXFileReference; lastKnownFileType = sourcecode.swift; path = VideoMetadataService.swift; sourceTree = "<group>"; };
		A2000000000000000000000C /* DateFormatter+LogTimestamp.swift */ = {isa = PBXFileReference; lastKnownFileType = sourcecode.swift; path = "DateFormatter+LogTimestamp.swift"; sourceTree = "<group>"; };
		A2000000000000000000000D /* Assets.xcassets */ = {isa = PBXFileReference; lastKnownFileType = folder.assetcatalog; path = Assets.xcassets; sourceTree = "<group>"; };
		A2000000000000000000000E /* DJI Clip Cleaner Pro.app */ = {isa = PBXFileReference; explicitFileType = wrapper.application; includeInIndex = 0; path = "DJI Clip Cleaner Pro.app"; sourceTree = BUILT_PRODUCTS_DIR; };
/* End PBXFileReference section */

/* Begin PBXFrameworksBuildPhase section */
		A30000000000000000000001 /* Frameworks */ = {
			isa = PBXFrameworksBuildPhase;
			buildActionMask = 2147483647;
			files = (
			);
			runOnlyForDeploymentPostprocessing = 0;
		};
/* End PBXFrameworksBuildPhase section */

/* Begin PBXGroup section */
		A40000000000000000000001 = {
			isa = PBXGroup;
			children = (
				A40000000000000000000002 /* DJI_Clip_Cleaner_Pro */,
				A40000000000000000000003 /* Products */,
			);
			sourceTree = "<group>";
		};
		A40000000000000000000002 /* DJI_Clip_Cleaner_Pro */ = {
			isa = PBXGroup;
			children = (
				A20000000000000000000001 /* DJI_Clip_Cleaner_ProApp.swift */,
				A40000000000000000000004 /* Views */,
				A40000000000000000000005 /* Models */,
				A40000000000000000000006 /* ViewModels */,
				A40000000000000000000007 /* Services */,
				A40000000000000000000008 /* Utilities */,
				A2000000000000000000000D /* Assets.xcassets */,
			);
			path = DJI_Clip_Cleaner_Pro;
			sourceTree = "<group>";
		};
		A40000000000000000000003 /* Products */ = {
			isa = PBXGroup;
			children = (
				A2000000000000000000000E /* DJI Clip Cleaner Pro.app */,
			);
			name = Products;
			sourceTree = "<group>";
		};
		A40000000000000000000004 /* Views */ = {
			isa = PBXGroup;
			children = (
				A20000000000000000000002 /* MainTabView.swift */,
				A40000000000000000000009 /* Cleaner */,
				A4000000000000000000000A /* Analysis */,
			);
			path = Views;
			sourceTree = "<group>";
		};
		A40000000000000000000005 /* Models */ = {
			isa = PBXGroup;
			children = (
				A20000000000000000000005 /* VideoFile.swift */,
				A20000000000000000000006 /* CleaningPreset.swift */,
				A20000000000000000000007 /* AnalysisResult.swift */,
			);
			path = Models;
			sourceTree = "<group>";
		};
		A40000000000000000000006 /* ViewModels */ = {
			isa = PBXGroup;
			children = (
				A20000000000000000000008 /* CleanerViewModel.swift */,
				A20000000000000000000009 /* AnalysisViewModel.swift */,
			);
			path = ViewModels;
			sourceTree = "<group>";
		};
		A40000000000000000000007 /* Services */ = {
			isa = PBXGroup;
			children = (
				A2000000000000000000000A /* FolderScanner.swift */,
				A2000000000000000000000B /* VideoMetadataService.swift */,
			);
			path = Services;
			sourceTree = "<group>";
		};
		A40000000000000000000008 /* Utilities */ = {
			isa = PBXGroup;
			children = (
				A2000000000000000000000C /* DateFormatter+LogTimestamp.swift */,
			);
			path = Utilities;
			sourceTree = "<group>";
		};
		A40000000000000000000009 /* Cleaner */ = {
			isa = PBXGroup;
			children = (
				A20000000000000000000003 /* CleanerView.swift */,
			);
			path = Cleaner;
			sourceTree = "<group>";
		};
		A4000000000000000000000A /* Analysis */ = {
			isa = PBXGroup;
			children = (
				A20000000000000000000004 /* AnalysisView.swift */,
			);
			path = Analysis;
			sourceTree = "<group>";
		};
/* End PBXGroup section */

/* Begin PBXNativeTarget section */
		A50000000000000000000001 /* DJI Clip Cleaner Pro */ = {
			isa = PBXNativeTarget;
			buildConfigurationList = A70000000000000000000003 /* Build configuration list for PBXNativeTarget "DJI Clip Cleaner Pro" */;
			buildPhases = (
				A60000000000000000000001 /* Sources */,
				A30000000000000000000001 /* Frameworks */,
				A60000000000000000000002 /* Resources */,
			);
			buildRules = (
			);
			dependencies = (
			);
			name = "DJI Clip Cleaner Pro";
			productName = "DJI Clip Cleaner Pro";
			productReference = A2000000000000000000000E /* DJI Clip Cleaner Pro.app */;
			productType = "com.apple.product-type.application";
		};
/* End PBXNativeTarget section */

/* Begin PBXProject section */
		A80000000000000000000001 /* Project object */ = {
			isa = PBXProject;
			attributes = {
				BuildIndependentTargetsInParallel = 1;
				LastSwiftUpdateCheck = 1500;
				LastUpgradeCheck = 1500;
				TargetAttributes = {
					A50000000000000000000001 = {
						CreatedOnToolsVersion = 15.0;
					};
				};
			};
			buildConfigurationList = A70000000000000000000001 /* Build configuration list for PBXProject "DJI Clip Cleaner Pro" */;
			compatibilityVersion = "Xcode 14.0";
			developmentRegion = en;
			hasScannedForEncodings = 0;
			knownRegions = (
				en,
				Base,
			);
			mainGroup = A40000000000000000000001;
			productRefGroup = A40000000000000000000003 /* Products */;
			projectDirPath = "";
			projectRoot = "";
			targets = (
				A50000000000000000000001 /* DJI Clip Cleaner Pro */,
			);
		};
/* End PBXProject section */

/* Begin PBXResourcesBuildPhase section */
		A60000000000000000000002 /* Resources */ = {
			isa = PBXResourcesBuildPhase;
			buildActionMask = 2147483647;
			files = (
				A1000000000000000000000D /* Assets.xcassets in Resources */,
			);
			runOnlyForDeploymentPostprocessing = 0;
		};
/* End PBXResourcesBuildPhase section */

/* Begin PBXSourcesBuildPhase section */
		A60000000000000000000001 /* Sources */ = {
			isa = PBXSourcesBuildPhase;
			buildActionMask = 2147483647;
			files = (
				A10000000000000000000001 /* DJI_Clip_Cleaner_ProApp.swift in Sources */,
				A10000000000000000000002 /* MainTabView.swift in Sources */,
				A10000000000000000000003 /* CleanerView.swift in Sources */,
				A10000000000000000000004 /* AnalysisView.swift in Sources */,
				A10000000000000000000005 /* VideoFile.swift in Sources */,
				A10000000000000000000006 /* CleaningPreset.swift in Sources */,
				A10000000000000000000007 /* AnalysisResult.swift in Sources */,
				A10000000000000000000008 /* CleanerViewModel.swift in Sources */,
				A10000000000000000000009 /* AnalysisViewModel.swift in Sources */,
				A1000000000000000000000A /* FolderScanner.swift in Sources */,
				A1000000000000000000000B /* VideoMetadataService.swift in Sources */,
				A1000000000000000000000C /* DateFormatter+LogTimestamp.swift in Sources */,
			);
			runOnlyForDeploymentPostprocessing = 0;
		};
/* End PBXSourcesBuildPhase section */

/* Begin XCBuildConfiguration section */
		A90000000000000000000001 /* Debug */ = {
			isa = XCBuildConfiguration;
			buildSettings = {
				ALWAYS_SEARCH_USER_PATHS = NO;
				ASSETCATALOG_COMPILER_GENERATE_SWIFT_ASSET_SYMBOL_EXTENSIONS = YES;
				CLANG_ANALYZER_NONNULL = YES;
				CLANG_ENABLE_MODULES = YES;
				CLANG_ENABLE_OBJC_ARC = YES;
				COPY_PHASE_STRIP = NO;
				DEBUG_INFORMATION_FORMAT = dwarf;
				ENABLE_STRICT_OBJC_MSGSEND = YES;
				ENABLE_TESTABILITY = YES;
				GCC_DYNAMIC_NO_PIC = NO;
				GCC_OPTIMIZATION_LEVEL = 0;
				GCC_PREPROCESSOR_DEFINITIONS = (
					"DEBUG=1",
					"$(inherited)",
				);
				MACOSX_DEPLOYMENT_TARGET = 14.0;
				ONLY_ACTIVE_ARCH = YES;
				SDKROOT = macosx;
				SWIFT_ACTIVE_COMPILATION_CONDITIONS = "DEBUG $(inherited)";
				SWIFT_OPTIMIZATION_LEVEL = "-Onone";
			};
			name = Debug;
		};
		A90000000000000000000002 /* Release */ = {
			isa = XCBuildConfiguration;
			buildSettings = {
				ALWAYS_SEARCH_USER_PATHS = NO;
				ASSETCATALOG_COMPILER_GENERATE_SWIFT_ASSET_SYMBOL_EXTENSIONS = YES;
				CLANG_ANALYZER_NONNULL = YES;
				CLANG_ENABLE_MODULES = YES;
				CLANG_ENABLE_OBJC_ARC = YES;
				COPY_PHASE_STRIP = NO;
				DEBUG_INFORMATION_FORMAT = "dwarf-with-dsym";
				ENABLE_NS_ASSERTIONS = NO;
				ENABLE_STRICT_OBJC_MSGSEND = YES;
				MACOSX_DEPLOYMENT_TARGET = 14.0;
				SDKROOT = macosx;
				SWIFT_COMPILATION_MODE = wholemodule;
			};
			name = Release;
		};
		A90000000000000000000003 /* Debug */ = {
			isa = XCBuildConfiguration;
			buildSettings = {
				ASSETCATALOG_COMPILER_APPICON_NAME = AppIcon;
				ASSETCATALOG_COMPILER_GLOBAL_ACCENT_COLOR_NAME = AccentColor;
				CODE_SIGN_STYLE = Automatic;
				COMBINE_HIDPI_IMAGES = YES;
				CURRENT_PROJECT_VERSION = 1;
				DEVELOPMENT_TEAM = "";
				ENABLE_APP_SANDBOX = NO;
				ENABLE_HARDENED_RUNTIME = YES;
				ENABLE_PREVIEWS = YES;
				GENERATE_INFOPLIST_FILE = YES;
				INFOPLIST_KEY_LSApplicationCategoryType = "public.app-category.video";
				INFOPLIST_KEY_NSHumanReadableCopyright = "";
				LD_RUNPATH_SEARCH_PATHS = (
					"$(inherited)",
					"@executable_path/../Frameworks",
				);
				MARKETING_VERSION = 1.0;
				PRODUCT_BUNDLE_IDENTIFIER = com.warrenhughes.DJIClipCleanerPro;
				PRODUCT_NAME = "$(TARGET_NAME)";
				SWIFT_EMIT_LOC_STRINGS = YES;
				SWIFT_VERSION = 5.0;
			};
			name = Debug;
		};
		A90000000000000000000004 /* Release */ = {
			isa = XCBuildConfiguration;
			buildSettings = {
				ASSETCATALOG_COMPILER_APPICON_NAME = AppIcon;
				ASSETCATALOG_COMPILER_GLOBAL_ACCENT_COLOR_NAME = AccentColor;
				CODE_SIGN_STYLE = Automatic;
				COMBINE_HIDPI_IMAGES = YES;
				CURRENT_PROJECT_VERSION = 1;
				DEVELOPMENT_TEAM = "";
				ENABLE_APP_SANDBOX = NO;
				ENABLE_HARDENED_RUNTIME = YES;
				ENABLE_PREVIEWS = YES;
				GENERATE_INFOPLIST_FILE = YES;
				INFOPLIST_KEY_LSApplicationCategoryType = "public.app-category.video";
				INFOPLIST_KEY_NSHumanReadableCopyright = "";
				LD_RUNPATH_SEARCH_PATHS = (
					"$(inherited)",
					"@executable_path/../Frameworks",
				);
				MARKETING_VERSION = 1.0;
				PRODUCT_BUNDLE_IDENTIFIER = com.warrenhughes.DJIClipCleanerPro;
				PRODUCT_NAME = "$(TARGET_NAME)";
				SWIFT_EMIT_LOC_STRINGS = YES;
				SWIFT_VERSION = 5.0;
			};
			name = Release;
		};
/* End XCBuildConfiguration section */

/* Begin XCConfigurationList section */
		A70000000000000000000001 /* Build configuration list for PBXProject "DJI Clip Cleaner Pro" */ = {
			isa = XCConfigurationList;
			buildConfigurations = (
				A90000000000000000000001 /* Debug */,
				A90000000000000000000002 /* Release */,
			);
			defaultConfigurationIsVisible = 0;
			defaultConfigurationName = Release;
		};
		A70000000000000000000003 /* Build configuration list for PBXNativeTarget "DJI Clip Cleaner Pro" */ = {
			isa = XCConfigurationList;
			buildConfigurations = (
				A90000000000000000000003 /* Debug */,
				A90000000000000000000004 /* Release */,
			);
			defaultConfigurationIsVisible = 0;
			defaultConfigurationName = Release;
		};
/* End XCConfigurationList section */
	};
	rootObject = A80000000000000000000001 /* Project object */;
}
